
Microsoft Visual Studio Solution File, Format Version 12.00
# Visual Studio Version 16
VisualStudioVersion = 16.0.29418.71
MinimumVisualStudioVersion = 10.0.40219.1
Project("{9A19103F-16F7-4668-BE54-9A1E7A4F7556}") = "PhoneBookLibrary", "PhoneBookLibrary\PhoneBookLibrary.csproj", "{92330BBB-7C78-491E-A814-12D79CC45CB8}"
EndProject
Project("{FAE04EC0-301F-11D3-BF4B-00C04F79EFBC}") = "PhoneBookLibraryApi", "PhoneBookLibraryApi\PhoneBookLibraryApi.csproj", "{D963F8B3-CB6D-43FA-9701-358C06AE08B5}"
EndProject
Project("{FAE04EC0-301F-11D3-BF4B-00C04F79EFBC}") = "PhoneBookLibraryTest", "PhoneBookLibraryTest\PhoneBookLibraryTest.csproj", "{1F90A3B1-EBD3-405B-A54B-B0B3AD4FF62A}"
EndProject
Global
	GlobalSection(SolutionConfigurationPlatforms) = preSolution
		Debug|Any CPU = Debug|Any CPU
		Release|Any CPU = Release|Any CPU
	EndGlobalSection
	GlobalSection(ProjectConfigurationPlatforms) = postSolution
		{92330BBB-7C78-491E-A814-12D79CC45CB8}.Debug|Any CPU.ActiveCfg = Debug|Any CPU
		{92330BBB-7C78-491E-A814-12D79CC45CB8}.Debug|Any CPU.Build.0 = Debug|Any CPU
		{92330BBB-7C78-491E-A814-12D79CC45CB8}.Release|Any CPU.ActiveCfg = Release|Any CPU
		{92330BBB-7C78-491E-A814-12D79CC45CB8}.Release|Any CPU.Build.0 = Release|Any CPU
		{D963F8B3-CB6D-43FA-9701-358C06AE08B5}.Debug|Any CPU.ActiveCfg = Debug|Any CPU
		{D963F8B3-CB6D-43FA-9701-358C06AE08B5}.Debug|Any CPU.Build.0 = Debug|Any CPU
		{D963F8B3-CB6D-43FA-9701-358C06AE08B5}.Release|Any CPU.ActiveCfg = Release|Any CPU
		{D963F8B3-CB6D-43FA-9701-358C06AE08B5}.Release|Any CPU.Build.0 = Release|Any CPU
		{1F90A3B1-EBD3-405B-A54B-B0B3AD4FF62A}.Debug|Any CPU.ActiveCfg = Debug|Any CPU
		{1F90A3B1-EBD3-405B-A54B-B0B3AD4FF62A}.Debug|Any CPU.Build.0 = Debug|Any CPU
		{1F90A3B1-EBD3-405B-A54B-B0B3AD4FF62A}.Release|Any CPU.ActiveCfg = Release|Any CPU
		{1F90A3B1-EBD3-405B-A54B-B0B3AD4FF62A}.Release|Any CPU.Build.0 = Release|Any CPU
	EndGlobalSection
	GlobalSection(SolutionProperties) = preSolution
		HideSolutionNode = FALSE
	EndGlobalSection
	GlobalSection(ExtensibilityGlobals) = postSolution
		SolutionGuid = {582FE2BF-AADA-45A0-8E3C-36226A4CE99C}
	EndGlobalSection
EndGlobal
